
Microsoft Visual Studio Solution File, Format Version 12.00
# Visual Studio Version 16
VisualStudioVersion = 16.0.31424.327
MinimumVisualStudioVersion = 10.0.40219.1
Project("{FAE04EC0-301F-11D3-BF4B-00C04F79EFBC}") = "solarLab_tt", "solarLab_tt\solarLab_tt.csproj", "{0A4E8AC0-E8EC-48BB-8D7D-23B63032EFAC}"
EndProject
Global
	GlobalSection(SolutionConfigurationPlatforms) = preSolution
		Debug|Any CPU = Debug|Any CPU
		Release|Any CPU = Release|Any CPU
	EndGlobalSection
	GlobalSection(ProjectConfigurationPlatforms) = postSolution
		{0A4E8AC0-E8EC-48BB-8D7D-23B63032EFAC}.Debug|Any CPU.ActiveCfg = Debug|Any CPU
		{0A4E8AC0-E8EC-48BB-8D7D-23B63032EFAC}.Debug|Any CPU.Build.0 = Debug|Any CPU
		{0A4E8AC0-E8EC-48BB-8D7D-23B63032EFAC}.Release|Any CPU.ActiveCfg = Release|Any CPU
		{0A4E8AC0-E8EC-48BB-8D7D-23B63032EFAC}.Release|Any CPU.Build.0 = Release|Any CPU
	EndGlobalSection
	GlobalSection(SolutionProperties) = preSolution
		HideSolutionNode = FALSE
	EndGlobalSection
	GlobalSection(ExtensibilityGlobals) = postSolution
		SolutionGuid = {452B6915-EA94-42E0-B529-F93994F9AB2E}
	EndGlobalSection
EndGlobal
